
Microsoft Visual Studio Solution File, Format Version 12.00
# Visual Studio Version 17
VisualStudioVersion = 17.14.36202.13 d17.14
MinimumVisualStudioVersion = 10.0.40219.1
Project("{FAE04EC0-301F-11D3-BF4B-00C04F79EFBC}") = "PlotDwg", "PlotDwg.csproj", "{645F33CB-B68C-4211-9E44-3CBA148D481A}"
EndProject
Global
	GlobalSection(SolutionConfigurationPlatforms) = preSolution
		Debug|Any CPU = Debug|Any CPU
		Release|Any CPU = Release|Any CPU
	EndGlobalSection
	GlobalSection(ProjectConfigurationPlatforms) = postSolution
		{645F33CB-B68C-4211-9E44-3CBA148D481A}.Debug|Any CPU.ActiveCfg = Debug|Any CPU
		{645F33CB-B68C-4211-9E44-3CBA148D481A}.Debug|Any CPU.Build.0 = Debug|Any CPU
		{645F33CB-B68C-4211-9E44-3CBA148D481A}.Release|Any CPU.ActiveCfg = Release|Any CPU
		{645F33CB-B68C-4211-9E44-3CBA148D481A}.Release|Any CPU.Build.0 = Release|Any CPU
	EndGlobalSection
	GlobalSection(SolutionProperties) = preSolution
		HideSolutionNode = FALSE
	EndGlobalSection
	GlobalSection(ExtensibilityGlobals) = postSolution
		SolutionGuid = {5A700AE8-1F75-4546-AB08-611E43A2AA27}
	EndGlobalSection
EndGlobal
